
Microsoft Visual Studio Solution File, Format Version 12.00
# Visual Studio Version 17
VisualStudioVersion = 17.3.32929.385
MinimumVisualStudioVersion = 10.0.40219.1
Project("{FAE04EC0-301F-11D3-BF4B-00C04F79EFBC}") = "PayRollSystem", "PayRollSystem\PayRollSystem.csproj", "{D1D362E6-8F85-47E1-B0CB-F75FD037DE07}"
EndProject
Global
	GlobalSection(SolutionConfigurationPlatforms) = preSolution
		Debug|Any CPU = Debug|Any CPU
		Release|Any CPU = Release|Any CPU
	EndGlobalSection
	GlobalSection(ProjectConfigurationPlatforms) = postSolution
		{D1D362E6-8F85-47E1-B0CB-F75FD037DE07}.Debug|Any CPU.ActiveCfg = Debug|Any CPU
		{D1D362E6-8F85-47E1-B0CB-F75FD037DE07}.Debug|Any CPU.Build.0 = Debug|Any CPU
		{D1D362E6-8F85-47E1-B0CB-F75FD037DE07}.Release|Any CPU.ActiveCfg = Release|Any CPU
		{D1D362E6-8F85-47E1-B0CB-F75FD037DE07}.Release|Any CPU.Build.0 = Release|Any CPU
	EndGlobalSection
	GlobalSection(SolutionProperties) = preSolution
		HideSolutionNode = FALSE
	EndGlobalSection
	GlobalSection(ExtensibilityGlobals) = postSolution
		SolutionGuid = {2C1403A8-B2D1-4036-B56C-7F12BFD20047}
	EndGlobalSection
EndGlobal
